
Microsoft Visual Studio Solution File, Format Version 12.00
# Visual Studio Version 16
VisualStudioVersion = 16.0.30413.136
MinimumVisualStudioVersion = 15.0.26124.0
Project("{9A19103F-16F7-4668-BE54-9A1E7A4F7556}") = "AspDotnetCore", "AspDotnetCore\AspDotnetCore.csproj", "{95E317D2-65C7-4612-939E-263C216A2357}"
EndProject
Project("{9A19103F-16F7-4668-BE54-9A1E7A4F7556}") = "CoreClassLibrary", "CoreClassLibrary\CoreClassLibrary.csproj", "{C8D3CA0F-C0A4-4318-A5A7-A502063C9EEC}"
EndProject
Project("{9A19103F-16F7-4668-BE54-9A1E7A4F7556}") = "DataClassLibrary", "DataClassLibrary\DataClassLibrary.csproj", "{C487A6C8-138A-493C-A7D1-56C70887B7D7}"
EndProject
Global
	GlobalSection(SolutionConfigurationPlatforms) = preSolution
		Debug|Any CPU = Debug|Any CPU
		Debug|x64 = Debug|x64
		Debug|x86 = Debug|x86
		Release|Any CPU = Release|Any CPU
		Release|x64 = Release|x64
		Release|x86 = Release|x86
	EndGlobalSection
	GlobalSection(ProjectConfigurationPlatforms) = postSolution
		{95E317D2-65C7-4612-939E-263C216A2357}.Debug|Any CPU.ActiveCfg = Debug|Any CPU
		{95E317D2-65C7-4612-939E-263C216A2357}.Debug|Any CPU.Build.0 = Debug|Any CPU
		{95E317D2-65C7-4612-939E-263C216A2357}.Debug|x64.ActiveCfg = Debug|Any CPU
		{95E317D2-65C7-4612-939E-263C216A2357}.Debug|x64.Build.0 = Debug|Any CPU
		{95E317D2-65C7-4612-939E-263C216A2357}.Debug|x86.ActiveCfg = Debug|Any CPU
		{95E317D2-65C7-4612-939E-263C216A2357}.Debug|x86.Build.0 = Debug|Any CPU
		{95E317D2-65C7-4612-939E-263C216A2357}.Release|Any CPU.ActiveCfg = Release|Any CPU
		{95E317D2-65C7-4612-939E-263C216A2357}.Release|Any CPU.Build.0 = Release|Any CPU
		{95E317D2-65C7-4612-939E-263C216A2357}.Release|x64.ActiveCfg = Release|Any CPU
		{95E317D2-65C7-4612-939E-263C216A2357}.Release|x64.Build.0 = Release|Any CPU
		{95E317D2-65C7-4612-939E-263C216A2357}.Release|x86.ActiveCfg = Release|Any CPU
		{95E317D2-65C7-4612-939E-263C216A2357}.Release|x86.Build.0 = Release|Any CPU
		{C8D3CA0F-C0A4-4318-A5A7-A502063C9EEC}.Debug|Any CPU.ActiveCfg = Debug|Any CPU
		{C8D3CA0F-C0A4-4318-A5A7-A502063C9EEC}.Debug|Any CPU.Build.0 = Debug|Any CPU
		{C8D3CA0F-C0A4-4318-A5A7-A502063C9EEC}.Debug|x64.ActiveCfg = Debug|Any CPU
		{C8D3CA0F-C0A4-4318-A5A7-A502063C9EEC}.Debug|x64.Build.0 = Debug|Any CPU
		{C8D3CA0F-C0A4-4318-A5A7-A502063C9EEC}.Debug|x86.ActiveCfg = Debug|Any CPU
		{C8D3CA0F-C0A4-4318-A5A7-A502063C9EEC}.Debug|x86.Build.0 = Debug|Any CPU
		{C8D3CA0F-C0A4-4318-A5A7-A502063C9EEC}.Release|Any CPU.ActiveCfg = Release|Any CPU
		{C8D3CA0F-C0A4-4318-A5A7-A502063C9EEC}.Release|Any CPU.Build.0 = Release|Any CPU
		{C8D3CA0F-C0A4-4318-A5A7-A502063C9EEC}.Release|x64.ActiveCfg = Release|Any CPU
		{C8D3CA0F-C0A4-4318-A5A7-A502063C9EEC}.Release|x64.Build.0 = Release|Any CPU
		{C8D3CA0F-C0A4-4318-A5A7-A502063C9EEC}.Release|x86.ActiveCfg = Release|Any CPU
		{C8D3CA0F-C0A4-4318-A5A7-A502063C9EEC}.Release|x86.Build.0 = Release|Any CPU
		{C487A6C8-138A-493C-A7D1-56C70887B7D7}.Debug|Any CPU.ActiveCfg = Debug|Any CPU
		{C487A6C8-138A-493C-A7D1-56C70887B7D7}.Debug|Any CPU.Build.0 = Debug|Any CPU
		{C487A6C8-138A-493C-A7D1-56C70887B7D7}.Debug|x64.ActiveCfg = Debug|Any CPU
		{C487A6C8-138A-493C-A7D1-56C70887B7D7}.Debug|x64.Build.0 = Debug|Any CPU
		{C487A6C8-138A-493C-A7D1-56C70887B7D7}.Debug|x86.ActiveCfg = Debug|Any CPU
		{C487A6C8-138A-493C-A7D1-56C70887B7D7}.Debug|x86.Build.0 = Debug|Any CPU
		{C487A6C8-138A-493C-A7D1-56C70887B7D7}.Release|Any CPU.ActiveCfg = Release|Any CPU
		{C487A6C8-138A-493C-A7D1-56C70887B7D7}.Release|Any CPU.Build.0 = Release|Any CPU
		{C487A6C8-138A-493C-A7D1-56C70887B7D7}.Release|x64.ActiveCfg = Release|Any CPU
		{C487A6C8-138A-493C-A7D1-56C70887B7D7}.Release|x64.Build.0 = Release|Any CPU
		{C487A6C8-138A-493C-A7D1-56C70887B7D7}.Release|x86.ActiveCfg = Release|Any CPU
		{C487A6C8-138A-493C-A7D1-56C70887B7D7}.Release|x86.Build.0 = Release|Any CPU
	EndGlobalSection
	GlobalSection(SolutionProperties) = preSolution
		HideSolutionNode = FALSE
	EndGlobalSection
	GlobalSection(ExtensibilityGlobals) = postSolution
		SolutionGuid = {3B0D2741-C9E2-4845-BAE2-AAF39BFE652A}
	EndGlobalSection
EndGlobal
